
Microsoft Visual Studio Solution File, Format Version 12.00
# Visual Studio Version 17
VisualStudioVersion = 17.14.37012.4 d17.14
MinimumVisualStudioVersion = 10.0.40219.1
Project("{FAE04EC0-301F-11D3-BF4B-00C04F79EFBC}") = "lab9", "lab9\lab9.csproj", "{EBCD57F2-D18F-4B0C-9FA9-50BC8C574E5E}"
EndProject
Global
	GlobalSection(SolutionConfigurationPlatforms) = preSolution
		Debug|Any CPU = Debug|Any CPU
		Release|Any CPU = Release|Any CPU
	EndGlobalSection
	GlobalSection(ProjectConfigurationPlatforms) = postSolution
		{EBCD57F2-D18F-4B0C-9FA9-50BC8C574E5E}.Debug|Any CPU.ActiveCfg = Debug|Any CPU
		{EBCD57F2-D18F-4B0C-9FA9-50BC8C574E5E}.Debug|Any CPU.Build.0 = Debug|Any CPU
		{EBCD57F2-D18F-4B0C-9FA9-50BC8C574E5E}.Release|Any CPU.ActiveCfg = Release|Any CPU
		{EBCD57F2-D18F-4B0C-9FA9-50BC8C574E5E}.Release|Any CPU.Build.0 = Release|Any CPU
	EndGlobalSection
	GlobalSection(SolutionProperties) = preSolution
		HideSolutionNode = FALSE
	EndGlobalSection
	GlobalSection(ExtensibilityGlobals) = postSolution
		SolutionGuid = {8F7D0678-1CAE-4534-BE46-3ADD31DEAD01}
	EndGlobalSection
EndGlobal
